
Microsoft Visual Studio Solution File, Format Version 12.00
# Visual Studio 15
VisualStudioVersion = 15.0.27130.2010
MinimumVisualStudioVersion = 10.0.40219.1
Project("{FAE04EC0-301F-11D3-BF4B-00C04F79EFBC}") = "MyNewConsoleApp", "MyNewConsoleApp\MyNewConsoleApp.csproj", "{4E7FAB82-8168-447C-B328-60F617A77523}"
EndProject
Global
	GlobalSection(SolutionConfigurationPlatforms) = preSolution
		Debug|Any CPU = Debug|Any CPU
		Release|Any CPU = Release|Any CPU
	EndGlobalSection
	GlobalSection(ProjectConfigurationPlatforms) = postSolution
		{4E7FAB82-8168-447C-B328-60F617A77523}.Debug|Any CPU.ActiveCfg = Debug|Any CPU
		{4E7FAB82-8168-447C-B328-60F617A77523}.Debug|Any CPU.Build.0 = Debug|Any CPU
		{4E7FAB82-8168-447C-B328-60F617A77523}.Release|Any CPU.ActiveCfg = Release|Any CPU
		{4E7FAB82-8168-447C-B328-60F617A77523}.Release|Any CPU.Build.0 = Release|Any CPU
	EndGlobalSection
	GlobalSection(SolutionProperties) = preSolution
		HideSolutionNode = FALSE
	EndGlobalSection
	GlobalSection(ExtensibilityGlobals) = postSolution
		SolutionGuid = {426A1657-DF65-4BB3-83EC-23A7A3C70AB2}
	EndGlobalSection
EndGlobal
